
Microsoft Visual Studio Solution File, Format Version 12.00
# Visual Studio Version 16
VisualStudioVersion = 16.0.32929.386
MinimumVisualStudioVersion = 10.0.40219.1
Project("{9A19103F-16F7-4668-BE54-9A1E7A4F7556}") = "WorkTrackerAPI", "WorkTrackerAPI\WorkTrackerAPI.csproj", "{62BBDC46-FDC0-409B-9647-37DAFC0320AE}"
EndProject
Project("{FAE04EC0-301F-11D3-BF4B-00C04F79EFBC}") = "WorkTrackerAPP", "WorkTrackerApp\WorkTrackerAPP.csproj", "{2F66743C-5B37-49E8-B4AF-B082FEF0DA59}"
EndProject
Project("{FAE04EC0-301F-11D3-BF4B-00C04F79EFBC}") = "IO.Swagger", "IO.Swagger\IO.Swagger.csproj", "{DCE43A51-8477-478A-B686-0905C23B1574}"
EndProject
Project("{2150E333-8FDC-42A3-9474-1A3956D46DE8}") = "Solution Items", "Solution Items", "{210515AB-1FA9-42AB-9E45-E7E5F6EFB8A5}"
	ProjectSection(SolutionItems) = preProject
		..\..\..\..\..\OneDrive\Documentos\Proyecto\Cancelar Rojo.png = ..\..\..\..\..\OneDrive\Documentos\Proyecto\Cancelar Rojo.png
		..\..\..\..\..\OneDrive\Documentos\Proyecto\CancelarRojo.png = ..\..\..\..\..\OneDrive\Documentos\Proyecto\CancelarRojo.png
		WorkTrackerApp\ListadoAusencias.cs = WorkTrackerApp\ListadoAusencias.cs
		WorkTrackerApp\ListadoAusencias.Designer.cs = WorkTrackerApp\ListadoAusencias.Designer.cs
		WorkTrackerApp\ListadoAusencias.resx = WorkTrackerApp\ListadoAusencias.resx
	EndProjectSection
EndProject
Global
	GlobalSection(SolutionConfigurationPlatforms) = preSolution
		Debug|Any CPU = Debug|Any CPU
		Release|Any CPU = Release|Any CPU
	EndGlobalSection
	GlobalSection(ProjectConfigurationPlatforms) = postSolution
		{62BBDC46-FDC0-409B-9647-37DAFC0320AE}.Debug|Any CPU.ActiveCfg = Debug|Any CPU
		{62BBDC46-FDC0-409B-9647-37DAFC0320AE}.Debug|Any CPU.Build.0 = Debug|Any CPU
		{62BBDC46-FDC0-409B-9647-37DAFC0320AE}.Release|Any CPU.ActiveCfg = Release|Any CPU
		{62BBDC46-FDC0-409B-9647-37DAFC0320AE}.Release|Any CPU.Build.0 = Release|Any CPU
		{2F66743C-5B37-49E8-B4AF-B082FEF0DA59}.Debug|Any CPU.ActiveCfg = Debug|Any CPU
		{2F66743C-5B37-49E8-B4AF-B082FEF0DA59}.Debug|Any CPU.Build.0 = Debug|Any CPU
		{2F66743C-5B37-49E8-B4AF-B082FEF0DA59}.Release|Any CPU.ActiveCfg = Release|Any CPU
		{2F66743C-5B37-49E8-B4AF-B082FEF0DA59}.Release|Any CPU.Build.0 = Release|Any CPU
		{DCE43A51-8477-478A-B686-0905C23B1574}.Debug|Any CPU.ActiveCfg = Debug|Any CPU
		{DCE43A51-8477-478A-B686-0905C23B1574}.Debug|Any CPU.Build.0 = Debug|Any CPU
		{DCE43A51-8477-478A-B686-0905C23B1574}.Release|Any CPU.ActiveCfg = Release|Any CPU
		{DCE43A51-8477-478A-B686-0905C23B1574}.Release|Any CPU.Build.0 = Release|Any CPU
	EndGlobalSection
	GlobalSection(SolutionProperties) = preSolution
		HideSolutionNode = FALSE
	EndGlobalSection
	GlobalSection(ExtensibilityGlobals) = postSolution
		SolutionGuid = {59BB3C26-E219-45E2-A25A-0516B41ECAF7}
	EndGlobalSection
EndGlobal
